// !$*UTF8*$!
{
	archiveVersion = 1;
	classes = {
	};
	objectVersion = 46;
	objects = {

/* Begin PBXBuildFile section */
		3138DBE51AFFA1D3000DA01D /* main.m in Sources */ = {isa = PBXBuildFile; fileRef = 3138DBE41AFFA1D3000DA01D /* main.m */; };
		3138DBE81AFFA1D3000DA01D /* AppDelegate.m in Sources */ = {isa = PBXBuildFile; fileRef = 3138DBE71AFFA1D3000DA01D /* AppDelegate.m */; };
		3138DBEB1AFFA1D3000DA01D /* MasterViewController.m in Sources */ = {isa = PBXBuildFile; fileRef = 3138DBEA1AFFA1D3000DA01D /* MasterViewController.m */; };
		3138DBEE1AFFA1D3000DA01D /* DetailViewController.m in Sources */ = {isa = PBXBuildFile; fileRef = 3138DBED1AFFA1D3000DA01D /* DetailViewController.m */; };
		3138DBF11AFFA1D3000DA01D /* Main.storyboard in Resources */ = {isa = PBXBuildFile; fileRef = 3138DBEF1AFFA1D3000DA01D /* Main.storyboard */; };
		3138DBF31AFFA1D3000DA01D /* Images.xcassets in Resources */ = {isa = PBXBuildFile; fileRef = 3138DBF21AFFA1D3000DA01D /* Images.xcassets */; };
		3138DBF61AFFA1D3000DA01D /* LaunchScreen.xib in Resources */ = {isa = PBXBuildFile; fileRef = 3138DBF41AFFA1D3000DA01D /* LaunchScreen.xib */; };
		3138DC021AFFA1D3000DA01D /* BrowseOverflowTests.m in Sources */ = {isa = PBXBuildFile; fileRef = 3138DC011AFFA1D3000DA01D /* BrowseOverflowTests.m */; };
		3138DC101AFFA963000DA01D /* Topic.m in Sources */ = {isa = PBXBuildFile; fileRef = 3138DC0F1AFFA963000DA01D /* Topic.m */; };
		3138DC111AFFA963000DA01D /* Topic.m in Sources */ = {isa = PBXBuildFile; fileRef = 3138DC0F1AFFA963000DA01D /* Topic.m */; };
		3138DC1B1AFFACCA000DA01D /* SenTestingKit.framework in Frameworks */ = {isa = PBXBuildFile; fileRef = 3138DC1A1AFFACCA000DA01D /* SenTestingKit.framework */; };
		3138DC1E1AFFAE01000DA01D /* UIKit.framework in Frameworks */ = {isa = PBXBuildFile; fileRef = 3138DC1D1AFFAE01000DA01D /* UIKit.framework */; };
		3138DC201AFFB3EC000DA01D /* TestTopic.m in Sources */ = {isa = PBXBuildFile; fileRef = 3138DC1F1AFFB3EC000DA01D /* TestTopic.m */; };
/* End PBXBuildFile section */

/* Begin PBXContainerItemProxy section */
		3138DBFC1AFFA1D3000DA01D /* PBXContainerItemProxy */ = {
			isa = PBXContainerItemProxy;
			containerPortal = 3138DBD71AFFA1D3000DA01D /* Project object */;
			proxyType = 1;
			remoteGlobalIDString = 3138DBDE1AFFA1D3000DA01D;
			remoteInfo = BrowseOverflow;
		};
/* End PBXContainerItemProxy section */

/* Begin PBXFileReference section */
		3138DBDF1AFFA1D3000DA01D /* BrowseOverflow.app */ = {isa = PBXFileReference; explicitFileType = wrapper.application; includeInIndex = 0; path = BrowseOverflow.app; sourceTree = BUILT_PRODUCTS_DIR; };
		3138DBE31AFFA1D3000DA01D /* Info.plist */ = {isa = PBXFileReference; lastKnownFileType = text.plist.xml; path = Info.plist; sourceTree = "<group>"; };
		3138DBE41AFFA1D3000DA01D /* main.m */ = {isa = PBXFileReference; lastKnownFileType = sourcecode.c.objc; path = main.m; sourceTree = "<group>"; };
		3138DBE61AFFA1D3000DA01D /* AppDelegate.h */ = {isa = PBXFileReference; lastKnownFileType = sourcecode.c.h; path = AppDelegate.h; sourceTree = "<group>"; };
		3138DBE71AFFA1D3000DA01D /* AppDelegate.m */ = {isa = PBXFileReference; lastKnownFileType = sourcecode.c.objc; path = AppDelegate.m; sourceTree = "<group>"; };
		3138DBE91AFFA1D3000DA01D /* MasterViewController.h */ = {isa = PBXFileReference; lastKnownFileType = sourcecode.c.h; path = MasterViewController.h; sourceTree = "<group>"; };
		3138DBEA1AFFA1D3000DA01D /* MasterViewController.m */ = {isa = PBXFileReference; lastKnownFileType = sourcecode.c.objc; path = MasterViewController.m; sourceTree = "<group>"; };
		3138DBEC1AFFA1D3000DA01D /* DetailViewController.h */ = {isa = PBXFileReference; lastKnownFileType = sourcecode.c.h; path = DetailViewController.h; sourceTree = "<group>"; };
		3138DBED1AFFA1D3000DA01D /* DetailViewController.m */ = {isa = PBXFileReference; lastKnownFileType = sourcecode.c.objc; path = DetailViewController.m; sourceTree = "<group>"; };
		3138DBF01AFFA1D3000DA01D /* Base */ = {isa = PBXFileReference; lastKnownFileType = file.storyboard; name = Base; path = Base.lproj/Main.storyboard; sourceTree = "<group>"; };
		3138DBF21AFFA1D3000DA01D /* Images.xcassets */ = {isa = PBXFileReference; lastKnownFileType = folder.assetcatalog; path = Images.xcassets; sourceTree = "<group>"; };
		3138DBF51AFFA1D3000DA01D /* Base */ = {isa = PBXFileReference; lastKnownFileType = file.xib; name = Base; path = Base.lproj/LaunchScreen.xib; sourceTree = "<group>"; };
		3138DBFB1AFFA1D3000DA01D /* BrowseOverflowTests.xctest */ = {isa = PBXFileReference; explicitFileType = wrapper.cfbundle; includeInIndex = 0; path = BrowseOverflowTests.xctest; sourceTree = BUILT_PRODUCTS_DIR; };
		3138DC001AFFA1D3000DA01D /* Info.plist */ = {isa = PBXFileReference; lastKnownFileType = text.plist.xml; path = Info.plist; sourceTree = "<group>"; };
		3138DC011AFFA1D3000DA01D /* BrowseOverflowTests.m */ = {isa = PBXFileReference; lastKnownFileType = sourcecode.c.objc; path = BrowseOverflowTests.m; sourceTree = "<group>"; };
		3138DC0E1AFFA954000DA01D /* Topic.h */ = {isa = PBXFileReference; fileEncoding = 4; lastKnownFileType = sourcecode.c.h; path = Topic.h; sourceTree = "<group>"; };
		3138DC0F1AFFA963000DA01D /* Topic.m */ = {isa = PBXFileReference; fileEncoding = 4; lastKnownFileType = sourcecode.c.objc; path = Topic.m; sourceTree = "<group>"; };
		3138DC1A1AFFACCA000DA01D /* SenTestingKit.framework */ = {isa = PBXFileReference; lastKnownFileType = wrapper.framework; name = SenTestingKit.framework; path = Library/Frameworks/SenTestingKit.framework; sourceTree = DEVELOPER_DIR; };
		3138DC1D1AFFAE01000DA01D /* UIKit.framework */ = {isa = PBXFileReference; lastKnownFileType = wrapper.framework; name = UIKit.framework; path = System/Library/Frameworks/UIKit.framework; sourceTree = SDKROOT; };
		3138DC1F1AFFB3EC000DA01D /* TestTopic.m */ = {isa = PBXFileReference; fileEncoding = 4; lastKnownFileType = sourcecode.c.objc; path = TestTopic.m; sourceTree = "<group>"; };
/* End PBXFileReference section */

/* Begin PBXFrameworksBuildPhase section */
		3138DBDC1AFFA1D3000DA01D /* Frameworks */ = {
			isa = PBXFrameworksBuildPhase;
			buildActionMask = 2147483647;
			files = (
			);
			runOnlyForDeploymentPostprocessing = 0;
		};
		3138DBF81AFFA1D3000DA01D /* Frameworks */ = {
			isa = PBXFrameworksBuildPhase;
			buildActionMask = 2147483647;
			files = (
				3138DC1E1AFFAE01000DA01D /* UIKit.framework in Frameworks */,
				3138DC1B1AFFACCA000DA01D /* SenTestingKit.framework in Frameworks */,
			);
			runOnlyForDeploymentPostprocessing = 0;
		};
/* End PBXFrameworksBuildPhase section */

/* Begin PBXGroup section */
		3138DBD61AFFA1D3000DA01D = {
			isa = PBXGroup;
			children = (
				3138DC1D1AFFAE01000DA01D /* UIKit.framework */,
				3138DC1A1AFFACCA000DA01D /* SenTestingKit.framework */,
				3138DBE11AFFA1D3000DA01D /* BrowseOverflow */,
				3138DBFE1AFFA1D3000DA01D /* BrowseOverflowTests */,
				3138DBE01AFFA1D3000DA01D /* Products */,
			);
			sourceTree = "<group>";
		};
		3138DBE01AFFA1D3000DA01D /* Products */ = {
			isa = PBXGroup;
			children = (
				3138DBDF1AFFA1D3000DA01D /* BrowseOverflow.app */,
				3138DBFB1AFFA1D3000DA01D /* BrowseOverflowTests.xctest */,
			);
			name = Products;
			sourceTree = "<group>";
		};
		3138DBE11AFFA1D3000DA01D /* BrowseOverflow */ = {
			isa = PBXGroup;
			children = (
				3138DBE61AFFA1D3000DA01D /* AppDelegate.h */,
				3138DBE71AFFA1D3000DA01D /* AppDelegate.m */,
				3138DBE91AFFA1D3000DA01D /* MasterViewController.h */,
				3138DBEA1AFFA1D3000DA01D /* MasterViewController.m */,
				3138DBEC1AFFA1D3000DA01D /* DetailViewController.h */,
				3138DBED1AFFA1D3000DA01D /* DetailViewController.m */,
				3138DBEF1AFFA1D3000DA01D /* Main.storyboard */,
				3138DBF21AFFA1D3000DA01D /* Images.xcassets */,
				3138DBF41AFFA1D3000DA01D /* LaunchScreen.xib */,
				3138DBE21AFFA1D3000DA01D /* Supporting Files */,
				3138DC0E1AFFA954000DA01D /* Topic.h */,
				3138DC0F1AFFA963000DA01D /* Topic.m */,
			);
			path = BrowseOverflow;
			sourceTree = "<group>";
		};
		3138DBE21AFFA1D3000DA01D /* Supporting Files */ = {
			isa = PBXGroup;
			children = (
				3138DBE31AFFA1D3000DA01D /* Info.plist */,
				3138DBE41AFFA1D3000DA01D /* main.m */,
			);
			name = "Supporting Files";
			sourceTree = "<group>";
		};
		3138DBFE1AFFA1D3000DA01D /* BrowseOverflowTests */ = {
			isa = PBXGroup;
			children = (
				3138DC011AFFA1D3000DA01D /* BrowseOverflowTests.m */,
				3138DBFF1AFFA1D3000DA01D /* Supporting Files */,
				3138DC1F1AFFB3EC000DA01D /* TestTopic.m */,
			);
			path = BrowseOverflowTests;
			sourceTree = "<group>";
		};
		3138DBFF1AFFA1D3000DA01D /* Supporting Files */ = {
			isa = PBXGroup;
			children = (
				3138DC001AFFA1D3000DA01D /* Info.plist */,
			);
			name = "Supporting Files";
			sourceTree = "<group>";
		};
/* End PBXGroup section */

/* Begin PBXNativeTarget section */
		3138DBDE1AFFA1D3000DA01D /* BrowseOverflow */ = {
			isa = PBXNativeTarget;
			buildConfigurationList = 3138DC051AFFA1D3000DA01D /* Build configuration list for PBXNativeTarget "BrowseOverflow" */;
			buildPhases = (
				3138DBDB1AFFA1D3000DA01D /* Sources */,
				3138DBDC1AFFA1D3000DA01D /* Frameworks */,
				3138DBDD1AFFA1D3000DA01D /* Resources */,
			);
			buildRules = (
			);
			dependencies = (
			);
			name = BrowseOverflow;
			productName = BrowseOverflow;
			productReference = 3138DBDF1AFFA1D3000DA01D /* BrowseOverflow.app */;
			productType = "com.apple.product-type.application";
		};
		3138DBFA1AFFA1D3000DA01D /* BrowseOverflowTests */ = {
			isa = PBXNativeTarget;
			buildConfigurationList = 3138DC081AFFA1D3000DA01D /* Build configuration list for PBXNativeTarget "BrowseOverflowTests" */;
			buildPhases = (
				3138DBF71AFFA1D3000DA01D /* Sources */,
				3138DBF81AFFA1D3000DA01D /* Frameworks */,
				3138DBF91AFFA1D3000DA01D /* Resources */,
			);
			buildRules = (
			);
			dependencies = (
				3138DBFD1AFFA1D3000DA01D /* PBXTargetDependency */,
			);
			name = BrowseOverflowTests;
			productName = BrowseOverflowTests;
			productReference = 3138DBFB1AFFA1D3000DA01D /* BrowseOverflowTests.xctest */;
			productType = "com.apple.product-type.bundle.unit-test";
		};
/* End PBXNativeTarget section */

/* Begin PBXProject section */
		3138DBD71AFFA1D3000DA01D /* Project object */ = {
			isa = PBXProject;
			attributes = {
				LastUpgradeCheck = 0630;
				ORGANIZATIONNAME = Weizmann;
				TargetAttributes = {
					3138DBDE1AFFA1D3000DA01D = {
						CreatedOnToolsVersion = 6.3;
					};
					3138DBFA1AFFA1D3000DA01D = {
						CreatedOnToolsVersion = 6.3;
						TestTargetID = 3138DBDE1AFFA1D3000DA01D;
					};
				};
			};
			buildConfigurationList = 3138DBDA1AFFA1D3000DA01D /* Build configuration list for PBXProject "BrowseOverflow" */;
			compatibilityVersion = "Xcode 3.2";
			developmentRegion = English;
			hasScannedForEncodings = 0;
			knownRegions = (
				en,
				Base,
			);
			mainGroup = 3138DBD61AFFA1D3000DA01D;
			productRefGroup = 3138DBE01AFFA1D3000DA01D /* Products */;
			projectDirPath = "";
			projectRoot = "";
			targets = (
				3138DBDE1AFFA1D3000DA01D /* BrowseOverflow */,
				3138DBFA1AFFA1D3000DA01D /* BrowseOverflowTests */,
			);
		};
/* End PBXProject section */

/* Begin PBXResourcesBuildPhase section */
		3138DBDD1AFFA1D3000DA01D /* Resources */ = {
			isa = PBXResourcesBuildPhase;
			buildActionMask = 2147483647;
			files = (
				3138DBF11AFFA1D3000DA01D /* Main.storyboard in Resources */,
				3138DBF61AFFA1D3000DA01D /* LaunchScreen.xib in Resources */,
				3138DBF31AFFA1D3000DA01D /* Images.xcassets in Resources */,
			);
			runOnlyForDeploymentPostprocessing = 0;
		};
		3138DBF91AFFA1D3000DA01D /* Resources */ = {
			isa = PBXResourcesBuildPhase;
			buildActionMask = 2147483647;
			files = (
			);
			runOnlyForDeploymentPostprocessing = 0;
		};
/* End PBXResourcesBuildPhase section */

/* Begin PBXSourcesBuildPhase section */
		3138DBDB1AFFA1D3000DA01D /* Sources */ = {
			isa = PBXSourcesBuildPhase;
			buildActionMask = 2147483647;
			files = (
				3138DBE81AFFA1D3000DA01D /* AppDelegate.m in Sources */,
				3138DBEB1AFFA1D3000DA01D /* MasterViewController.m in Sources */,
				3138DBE51AFFA1D3000DA01D /* main.m in Sources */,
				3138DC101AFFA963000DA01D /* Topic.m in Sources */,
				3138DBEE1AFFA1D3000DA01D /* DetailViewController.m in Sources */,
			);
			runOnlyForDeploymentPostprocessing = 0;
		};
		3138DBF71AFFA1D3000DA01D /* Sources */ = {
			isa = PBXSourcesBuildPhase;
			buildActionMask = 2147483647;
			files = (
				3138DC021AFFA1D3000DA01D /* BrowseOverflowTests.m in Sources */,
				3138DC111AFFA963000DA01D /* Topic.m in Sources */,
				3138DC201AFFB3EC000DA01D /* TestTopic.m in Sources */,
			);
			runOnlyForDeploymentPostprocessing = 0;
		};
/* End PBXSourcesBuildPhase section */

/* Begin PBXTargetDependency section */
		3138DBFD1AFFA1D3000DA01D /* PBXTargetDependency */ = {
			isa = PBXTargetDependency;
			target = 3138DBDE1AFFA1D3000DA01D /* BrowseOverflow */;
			targetProxy = 3138DBFC1AFFA1D3000DA01D /* PBXContainerItemProxy */;
		};
/* End PBXTargetDependency section */

/* Begin PBXVariantGroup section */
		3138DBEF1AFFA1D3000DA01D /* Main.storyboard */ = {
			isa = PBXVariantGroup;
			children = (
				3138DBF01AFFA1D3000DA01D /* Base */,
			);
			name = Main.storyboard;
			sourceTree = "<group>";
		};
		3138DBF41AFFA1D3000DA01D /* LaunchScreen.xib */ = {
			isa = PBXVariantGroup;
			children = (
				3138DBF51AFFA1D3000DA01D /* Base */,
			);
			name = LaunchScreen.xib;
			sourceTree = "<group>";
		};
/* End PBXVariantGroup section */

/* Begin XCBuildConfiguration section */
		3138DC031AFFA1D3000DA01D /* Debug */ = {
			isa = XCBuildConfiguration;
			buildSettings = {
				ALWAYS_SEARCH_USER_PATHS = NO;
				CLANG_CXX_LANGUAGE_STANDARD = "gnu++0x";
				CLANG_CXX_LIBRARY = "libc++";
				CLANG_ENABLE_MODULES = YES;
				CLANG_ENABLE_OBJC_ARC = YES;
				CLANG_WARN_BOOL_CONVERSION = YES;
				CLANG_WARN_CONSTANT_CONVERSION = YES;
				CLANG_WARN_DIRECT_OBJC_ISA_USAGE = YES_ERROR;
				CLANG_WARN_EMPTY_BODY = YES;
				CLANG_WARN_ENUM_CONVERSION = YES;
				CLANG_WARN_INT_CONVERSION = YES;
				CLANG_WARN_OBJC_ROOT_CLASS = YES_ERROR;
				CLANG_WARN_UNREACHABLE_CODE = YES;
				CLANG_WARN__DUPLICATE_METHOD_MATCH = YES;
				"CODE_SIGN_IDENTITY[sdk=iphoneos*]" = "iPhone Developer";
				COPY_PHASE_STRIP = NO;
				DEBUG_INFORMATION_FORMAT = "dwarf-with-dsym";
				ENABLE_STRICT_OBJC_MSGSEND = YES;
				GCC_C_LANGUAGE_STANDARD = gnu99;
				GCC_DYNAMIC_NO_PIC = NO;
				GCC_NO_COMMON_BLOCKS = YES;
				GCC_OPTIMIZATION_LEVEL = 0;
				GCC_PREPROCESSOR_DEFINITIONS = (
					"DEBUG=1",
					"$(inherited)",
				);
				GCC_SYMBOLS_PRIVATE_EXTERN = NO;
				GCC_WARN_64_TO_32_BIT_CONVERSION = YES;
				GCC_WARN_ABOUT_RETURN_TYPE = YES_ERROR;
				GCC_WARN_UNDECLARED_SELECTOR = YES;
				GCC_WARN_UNINITIALIZED_AUTOS = YES_AGGRESSIVE;
				GCC_WARN_UNUSED_FUNCTION = YES;
				GCC_WARN_UNUSED_VARIABLE = YES;
				IPHONEOS_DEPLOYMENT_TARGET = 8.3;
				MTL_ENABLE_DEBUG_INFO = YES;
				ONLY_ACTIVE_ARCH = YES;
				SDKROOT = iphoneos;
			};
			name = Debug;
		};
		3138DC041AFFA1D3000DA01D /* Release */ = {
			isa = XCBuildConfiguration;
			buildSettings = {
				ALWAYS_SEARCH_USER_PATHS = NO;
				CLANG_CXX_LANGUAGE_STANDARD = "gnu++0x";
				CLANG_CXX_LIBRARY = "libc++";
				CLANG_ENABLE_MODULES = YES;
				CLANG_ENABLE_OBJC_ARC = YES;
				CLANG_WARN_BOOL_CONVERSION = YES;
				CLANG_WARN_CONSTANT_CONVERSION = YES;
				CLANG_WARN_DIRECT_OBJC_ISA_USAGE = YES_ERROR;
				CLANG_WARN_EMPTY_BODY = YES;
				CLANG_WARN_ENUM_CONVERSION = YES;
				CLANG_WARN_INT_CONVERSION = YES;
				CLANG_WARN_OBJC_ROOT_CLASS = YES_ERROR;
				CLANG_WARN_UNREACHABLE_CODE = YES;
				CLANG_WARN__DUPLICATE_METHOD_MATCH = YES;
				"CODE_SIGN_IDENTITY[sdk=iphoneos*]" = "iPhone Developer";
				COPY_PHASE_STRIP = NO;
				DEBUG_INFORMATION_FORMAT = "dwarf-with-dsym";
				ENABLE_NS_ASSERTIONS = NO;
				ENABLE_STRICT_OBJC_MSGSEND = YES;
				GCC_C_LANGUAGE_STANDARD = gnu99;
				GCC_NO_COMMON_BLOCKS = YES;
				GCC_WARN_64_TO_32_BIT_CONVERSION = YES;
				GCC_WARN_ABOUT_RETURN_TYPE = YES_ERROR;
				GCC_WARN_UNDECLARED_SELECTOR = YES;
				GCC_WARN_UNINITIALIZED_AUTOS = YES_AGGRESSIVE;
				GCC_WARN_UNUSED_FUNCTION = YES;
				GCC_WARN_UNUSED_VARIABLE = YES;
				IPHONEOS_DEPLOYMENT_TARGET = 8.3;
				MTL_ENABLE_DEBUG_INFO = NO;
				SDKROOT = iphoneos;
				VALIDATE_PRODUCT = YES;
			};
			name = Release;
		};
		3138DC061AFFA1D3000DA01D /* Debug */ = {
			isa = XCBuildConfiguration;
			buildSettings = {
				ASSETCATALOG_COMPILER_APPICON_NAME = AppIcon;
				INFOPLIST_FILE = BrowseOverflow/Info.plist;
				LD_RUNPATH_SEARCH_PATHS = "$(inherited) @executable_path/Frameworks";
				PRODUCT_NAME = "$(TARGET_NAME)";
			};
			name = Debug;
		};
		3138DC071AFFA1D3000DA01D /* Release */ = {
			isa = XCBuildConfiguration;
			buildSettings = {
				ASSETCATALOG_COMPILER_APPICON_NAME = AppIcon;
				INFOPLIST_FILE = BrowseOverflow/Info.plist;
				LD_RUNPATH_SEARCH_PATHS = "$(inherited) @executable_path/Frameworks";
				PRODUCT_NAME = "$(TARGET_NAME)";
			};
			name = Release;
		};
		3138DC091AFFA1D3000DA01D /* Debug */ = {
			isa = XCBuildConfiguration;
			buildSettings = {
				BUNDLE_LOADER = "$(TEST_HOST)";
				FRAMEWORK_SEARCH_PATHS = (
					"$(SDKROOT)/Developer/Library/Frameworks",
					"$(inherited)",
					"$(DEVELOPER_FRAMEWORKS_DIR)",
					"$(PLATFORM_DIR)/Developer/Library/Frameworks",
				);
				GCC_PREPROCESSOR_DEFINITIONS = (
					"DEBUG=1",
					"$(inherited)",
				);
				INFOPLIST_FILE = BrowseOverflowTests/Info.plist;
				LD_RUNPATH_SEARCH_PATHS = "$(inherited) @executable_path/Frameworks @loader_path/Frameworks";
				PRODUCT_NAME = "$(TARGET_NAME)";
				TEST_HOST = "$(BUILT_PRODUCTS_DIR)/BrowseOverflow.app/BrowseOverflow";
			};
			name = Debug;
		};
		3138DC0A1AFFA1D3000DA01D /* Release */ = {
			isa = XCBuildConfiguration;
			buildSettings = {
				BUNDLE_LOADER = "$(TEST_HOST)";
				FRAMEWORK_SEARCH_PATHS = (
					"$(SDKROOT)/Developer/Library/Frameworks",
					"$(inherited)",
					"$(DEVELOPER_FRAMEWORKS_DIR)",
					"$(PLATFORM_DIR)/Developer/Library/Frameworks",
				);
				INFOPLIST_FILE = BrowseOverflowTests/Info.plist;
				LD_RUNPATH_SEARCH_PATHS = "$(inherited) @executable_path/Frameworks @loader_path/Frameworks";
				PRODUCT_NAME = "$(TARGET_NAME)";
				TEST_HOST = "$(BUILT_PRODUCTS_DIR)/BrowseOverflow.app/BrowseOverflow";
			};
			name = Release;
		};
/* End XCBuildConfiguration section */

/* Begin XCConfigurationList section */
		3138DBDA1AFFA1D3000DA01D /* Build configuration list for PBXProject "BrowseOverflow" */ = {
			isa = XCConfigurationList;
			buildConfigurations = (
				3138DC031AFFA1D3000DA01D /* Debug */,
				3138DC041AFFA1D3000DA01D /* Release */,
			);
			defaultConfigurationIsVisible = 0;
			defaultConfigurationName = Release;
		};
		3138DC051AFFA1D3000DA01D /* Build configuration list for PBXNativeTarget "BrowseOverflow" */ = {
			isa = XCConfigurationList;
			buildConfigurations = (
				3138DC061AFFA1D3000DA01D /* Debug */,
				3138DC071AFFA1D3000DA01D /* Release */,
			);
			defaultConfigurationIsVisible = 0;
		};
		3138DC081AFFA1D3000DA01D /* Build configuration list for PBXNativeTarget "BrowseOverflowTests" */ = {
			isa = XCConfigurationList;
			buildConfigurations = (
				3138DC091AFFA1D3000DA01D /* Debug */,
				3138DC0A1AFFA1D3000DA01D /* Release */,
			);
			defaultConfigurationIsVisible = 0;
		};
/* End XCConfigurationList section */
	};
	rootObject = 3138DBD71AFFA1D3000DA01D /* Project object */;
}
